
Microsoft Visual Studio Solution File, Format Version 12.00
# Visual Studio 2012
Project("{FAE04EC0-301F-11D3-BF4B-00C04F79EFBC}") = "SimpleDeployNet.Core", "SimpleDeploy.Core\SimpleDeployNet.Core.csproj", "{D8F2EB7E-9847-4BBC-94B3-0F19DA81F145}"
EndProject
Project("{2150E333-8FDC-42A3-9474-1A3956D46DE8}") = "Solution Items", "Solution Items", "{8454F9BF-2B3E-4A8D-9DD2-AD4736B2DAC4}"
	ProjectSection(SolutionItems) = preProject
		Solution Items\Microsoft.Web.Delegation.dll = Solution Items\Microsoft.Web.Delegation.dll
		Solution Items\Microsoft.Web.Deployment.dll = Solution Items\Microsoft.Web.Deployment.dll
	EndProjectSection
EndProject
Project("{FAE04EC0-301F-11D3-BF4B-00C04F79EFBC}") = "SimpleDeployNet.IntegrationTests", "SimpleDeployNet.IntegrationTests\SimpleDeployNet.IntegrationTests.csproj", "{EA152F20-A44E-46BE-8E39-04871428FB2D}"
EndProject
Global
	GlobalSection(SolutionConfigurationPlatforms) = preSolution
		Debug|Any CPU = Debug|Any CPU
		Release|Any CPU = Release|Any CPU
	EndGlobalSection
	GlobalSection(ProjectConfigurationPlatforms) = postSolution
		{D8F2EB7E-9847-4BBC-94B3-0F19DA81F145}.Debug|Any CPU.ActiveCfg = Debug|Any CPU
		{D8F2EB7E-9847-4BBC-94B3-0F19DA81F145}.Debug|Any CPU.Build.0 = Debug|Any CPU
		{D8F2EB7E-9847-4BBC-94B3-0F19DA81F145}.Release|Any CPU.ActiveCfg = Release|Any CPU
		{D8F2EB7E-9847-4BBC-94B3-0F19DA81F145}.Release|Any CPU.Build.0 = Release|Any CPU
		{EA152F20-A44E-46BE-8E39-04871428FB2D}.Debug|Any CPU.ActiveCfg = Debug|Any CPU
		{EA152F20-A44E-46BE-8E39-04871428FB2D}.Debug|Any CPU.Build.0 = Debug|Any CPU
		{EA152F20-A44E-46BE-8E39-04871428FB2D}.Release|Any CPU.ActiveCfg = Release|Any CPU
		{EA152F20-A44E-46BE-8E39-04871428FB2D}.Release|Any CPU.Build.0 = Release|Any CPU
	EndGlobalSection
	GlobalSection(SolutionProperties) = preSolution
		HideSolutionNode = FALSE
	EndGlobalSection
EndGlobal
